
Microsoft Visual Studio Solution File, Format Version 12.00
# Visual Studio Version 16
VisualStudioVersion = 16.0.31515.178
MinimumVisualStudioVersion = 10.0.40219.1
Project("{FAE04EC0-301F-11D3-BF4B-00C04F79EFBC}") = "Deneme12", "Deneme12\Deneme12.csproj", "{FED76CAE-7C2D-4E20-83A7-8F81459B49E1}"
EndProject
Global
	GlobalSection(SolutionConfigurationPlatforms) = preSolution
		Debug|Any CPU = Debug|Any CPU
		Release|Any CPU = Release|Any CPU
	EndGlobalSection
	GlobalSection(ProjectConfigurationPlatforms) = postSolution
		{FED76CAE-7C2D-4E20-83A7-8F81459B49E1}.Debug|Any CPU.ActiveCfg = Debug|Any CPU
		{FED76CAE-7C2D-4E20-83A7-8F81459B49E1}.Debug|Any CPU.Build.0 = Debug|Any CPU
		{FED76CAE-7C2D-4E20-83A7-8F81459B49E1}.Release|Any CPU.ActiveCfg = Release|Any CPU
		{FED76CAE-7C2D-4E20-83A7-8F81459B49E1}.Release|Any CPU.Build.0 = Release|Any CPU
	EndGlobalSection
	GlobalSection(SolutionProperties) = preSolution
		HideSolutionNode = FALSE
	EndGlobalSection
	GlobalSection(ExtensibilityGlobals) = postSolution
		SolutionGuid = {FC97058A-8ECF-4296-9B1B-7390C8613BA6}
	EndGlobalSection
EndGlobal
