
Microsoft Visual Studio Solution File, Format Version 12.00
# Visual Studio Version 16
VisualStudioVersion = 16.0.31515.178
MinimumVisualStudioVersion = 10.0.40219.1
Project("{FAE04EC0-301F-11D3-BF4B-00C04F79EFBC}") = "Deneme3", "Deneme3\Deneme3.csproj", "{3C7F6BCE-3ED5-41CA-B3ED-761492126421}"
EndProject
Global
	GlobalSection(SolutionConfigurationPlatforms) = preSolution
		Debug|Any CPU = Debug|Any CPU
		Release|Any CPU = Release|Any CPU
	EndGlobalSection
	GlobalSection(ProjectConfigurationPlatforms) = postSolution
		{3C7F6BCE-3ED5-41CA-B3ED-761492126421}.Debug|Any CPU.ActiveCfg = Debug|Any CPU
		{3C7F6BCE-3ED5-41CA-B3ED-761492126421}.Debug|Any CPU.Build.0 = Debug|Any CPU
		{3C7F6BCE-3ED5-41CA-B3ED-761492126421}.Release|Any CPU.ActiveCfg = Release|Any CPU
		{3C7F6BCE-3ED5-41CA-B3ED-761492126421}.Release|Any CPU.Build.0 = Release|Any CPU
	EndGlobalSection
	GlobalSection(SolutionProperties) = preSolution
		HideSolutionNode = FALSE
	EndGlobalSection
	GlobalSection(ExtensibilityGlobals) = postSolution
		SolutionGuid = {AB71058C-407C-45AE-894F-5D425CDF2658}
	EndGlobalSection
EndGlobal
