
Microsoft Visual Studio Solution File, Format Version 12.00
# Visual Studio Version 16
VisualStudioVersion = 16.0.31515.178
MinimumVisualStudioVersion = 10.0.40219.1
Project("{FAE04EC0-301F-11D3-BF4B-00C04F79EFBC}") = "İc ice for döngüsü", "İc ice for döngüsü\İc ice for döngüsü.csproj", "{C227430C-93B4-492A-BF0F-2530EF90D918}"
EndProject
Global
	GlobalSection(SolutionConfigurationPlatforms) = preSolution
		Debug|Any CPU = Debug|Any CPU
		Release|Any CPU = Release|Any CPU
	EndGlobalSection
	GlobalSection(ProjectConfigurationPlatforms) = postSolution
		{C227430C-93B4-492A-BF0F-2530EF90D918}.Debug|Any CPU.ActiveCfg = Debug|Any CPU
		{C227430C-93B4-492A-BF0F-2530EF90D918}.Debug|Any CPU.Build.0 = Debug|Any CPU
		{C227430C-93B4-492A-BF0F-2530EF90D918}.Release|Any CPU.ActiveCfg = Release|Any CPU
		{C227430C-93B4-492A-BF0F-2530EF90D918}.Release|Any CPU.Build.0 = Release|Any CPU
	EndGlobalSection
	GlobalSection(SolutionProperties) = preSolution
		HideSolutionNode = FALSE
	EndGlobalSection
	GlobalSection(ExtensibilityGlobals) = postSolution
		SolutionGuid = {3DB5D20B-FC35-4E6C-A36A-51B8C5768217}
	EndGlobalSection
EndGlobal
