
Microsoft Visual Studio Solution File, Format Version 12.00
# Visual Studio Version 16
VisualStudioVersion = 16.0.31515.178
MinimumVisualStudioVersion = 10.0.40219.1
Project("{FAE04EC0-301F-11D3-BF4B-00C04F79EFBC}") = "metot uygulama örnek", "metot uygulama örnek\metot uygulama örnek.csproj", "{0F89A8AD-EF84-4DCD-ADA3-2E60C123E9B9}"
EndProject
Global
	GlobalSection(SolutionConfigurationPlatforms) = preSolution
		Debug|Any CPU = Debug|Any CPU
		Release|Any CPU = Release|Any CPU
	EndGlobalSection
	GlobalSection(ProjectConfigurationPlatforms) = postSolution
		{0F89A8AD-EF84-4DCD-ADA3-2E60C123E9B9}.Debug|Any CPU.ActiveCfg = Debug|Any CPU
		{0F89A8AD-EF84-4DCD-ADA3-2E60C123E9B9}.Debug|Any CPU.Build.0 = Debug|Any CPU
		{0F89A8AD-EF84-4DCD-ADA3-2E60C123E9B9}.Release|Any CPU.ActiveCfg = Release|Any CPU
		{0F89A8AD-EF84-4DCD-ADA3-2E60C123E9B9}.Release|Any CPU.Build.0 = Release|Any CPU
	EndGlobalSection
	GlobalSection(SolutionProperties) = preSolution
		HideSolutionNode = FALSE
	EndGlobalSection
	GlobalSection(ExtensibilityGlobals) = postSolution
		SolutionGuid = {87234807-C3FE-48B9-ADC7-6F973EA4B6C7}
	EndGlobalSection
EndGlobal
