
Microsoft Visual Studio Solution File, Format Version 12.00
# Visual Studio Version 16
VisualStudioVersion = 16.0.31515.178
MinimumVisualStudioVersion = 10.0.40219.1
Project("{FAE04EC0-301F-11D3-BF4B-00C04F79EFBC}") = "methot ödev1", "methot ödev1\methot ödev1.csproj", "{8D5FA046-6D78-4066-988B-F60F55320568}"
EndProject
Global
	GlobalSection(SolutionConfigurationPlatforms) = preSolution
		Debug|Any CPU = Debug|Any CPU
		Release|Any CPU = Release|Any CPU
	EndGlobalSection
	GlobalSection(ProjectConfigurationPlatforms) = postSolution
		{8D5FA046-6D78-4066-988B-F60F55320568}.Debug|Any CPU.ActiveCfg = Debug|Any CPU
		{8D5FA046-6D78-4066-988B-F60F55320568}.Debug|Any CPU.Build.0 = Debug|Any CPU
		{8D5FA046-6D78-4066-988B-F60F55320568}.Release|Any CPU.ActiveCfg = Release|Any CPU
		{8D5FA046-6D78-4066-988B-F60F55320568}.Release|Any CPU.Build.0 = Release|Any CPU
	EndGlobalSection
	GlobalSection(SolutionProperties) = preSolution
		HideSolutionNode = FALSE
	EndGlobalSection
	GlobalSection(ExtensibilityGlobals) = postSolution
		SolutionGuid = {01F2EF32-7352-4F0C-AD8E-FC5E79D8C81F}
	EndGlobalSection
EndGlobal
